// !$*UTF8*$!
{
	archiveVersion = 1;
	classes = {
	};
	objectVersion = 110;
	objects = {

/* Begin PBXBuildFile section */
		B71075E8304A70C100EDEC9A /* .gitignore in Resources */ = {isa = PBXBuildFile; fileRef = B71075E7304A70C100EDEC9A /* .gitignore */; };
/* End PBXBuildFile section */

/* Begin PBXContainerItemProxy section */
		B71075C3304A6F6B00EDEC9A /* PBXContainerItemProxy */ = {
			isa = PBXContainerItemProxy;
			containerPortal = B71075AD304A6F6900EDEC9A /* Project object */;
			proxyType = 1;
			remoteGlobalIDString = B71075B4304A6F6900EDEC9A;
			remoteInfo = WBDarkstore;
		};
		B71075CD304A6F6B00EDEC9A /* PBXContainerItemProxy */ = {
			isa = PBXContainerItemProxy;
			containerPortal = B71075AD304A6F6900EDEC9A /* Project object */;
			proxyType = 1;
			remoteGlobalIDString = B71075B4304A6F6900EDEC9A;
			remoteInfo = WBDarkstore;
		};
/* End PBXContainerItemProxy section */

/* Begin PBXFileReference section */
		B71075B5304A6F6900EDEC9A /* WBDarkstore.app */ = {isa = PBXFileReference; explicitFileType = wrapper.application; includeInIndex = 0; path = WBDarkstore.app; sourceTree = BUILT_PRODUCTS_DIR; };
		B71075C2304A6F6B00EDEC9A /* WBDarkstoreTests.xctest */ = {isa = PBXFileReference; explicitFileType = wrapper.cfbundle; includeInIndex = 0; path = WBDarkstoreTests.xctest; sourceTree = BUILT_PRODUCTS_DIR; };
		B71075CC304A6F6B00EDEC9A /* WBDarkstoreUITests.xctest */ = {isa = PBXFileReference; explicitFileType = wrapper.cfbundle; includeInIndex = 0; path = WBDarkstoreUITests.xctest; sourceTree = BUILT_PRODUCTS_DIR; };
		B71075E7304A70C100EDEC9A /* .gitignore */ = {isa = PBXFileReference; lastKnownFileType = text; path = .gitignore; sourceTree = "<group>"; };
		B7148796304AC90C00B9698A /* DesignSystem */ = {isa = PBXFileReference; lastKnownFileType = wrapper; name = DesignSystem; path = Packages/DesignSystem; sourceTree = "<group>"; };
		B7148797304AC94A00B9698A /* NetworkPackage */ = {isa = PBXFileReference; lastKnownFileType = wrapper; name = NetworkPackage; path = Packages/NetworkPackage; sourceTree = "<group>"; };
		B7148798304AC97F00B9698A /* BusinessLogic */ = {isa = PBXFileReference; lastKnownFileType = wrapper; name = BusinessLogic; path = Packages/BusinessLogic; sourceTree = "<group>"; };
/* End PBXFileReference section */

/* Begin PBXFileSystemSynchronizedRootGroup section */
		B71075B7304A6F6900EDEC9A /* WBDarkstore */ = {
			isa = PBXFileSystemSynchronizedRootGroup;
			path = WBDarkstore;
			sourceTree = "<group>";
		};
		B71075C5304A6F6B00EDEC9A /* WBDarkstoreTests */ = {
			isa = PBXFileSystemSynchronizedRootGroup;
			path = WBDarkstoreTests;
			sourceTree = "<group>";
		};
		B71075CF304A6F6B00EDEC9A /* WBDarkstoreUITests */ = {
			isa = PBXFileSystemSynchronizedRootGroup;
			path = WBDarkstoreUITests;
			sourceTree = "<group>";
		};
/* End PBXFileSystemSynchronizedRootGroup section */

/* Begin PBXFrameworksBuildPhase section */
		B71075B2304A6F6900EDEC9A /* Frameworks */ = {
			isa = PBXFrameworksBuildPhase;
			files = (
			);
		};
		B71075BF304A6F6B00EDEC9A /* Frameworks */ = {
			isa = PBXFrameworksBuildPhase;
			files = (
			);
		};
		B71075C9304A6F6B00EDEC9A /* Frameworks */ = {
			isa = PBXFrameworksBuildPhase;
			files = (
			);
		};
/* End PBXFrameworksBuildPhase section */

/* Begin PBXGroup section */
		B71075AC304A6F6900EDEC9A = {
			isa = PBXGroup;
			children = (
				B7148798304AC97F00B9698A /* BusinessLogic */,
				B7148797304AC94A00B9698A /* NetworkPackage */,
				B7148796304AC90C00B9698A /* DesignSystem */,
				B71075E7304A70C100EDEC9A /* .gitignore */,
				B71075B7304A6F6900EDEC9A /* WBDarkstore */,
				B71075C5304A6F6B00EDEC9A /* WBDarkstoreTests */,
				B71075CF304A6F6B00EDEC9A /* WBDarkstoreUITests */,
				B71075B6304A6F6900EDEC9A /* Products */,
			);
			sourceTree = "<group>";
		};
		B71075B6304A6F6900EDEC9A /* Products */ = {
			isa = PBXGroup;
			children = (
				B71075B5304A6F6900EDEC9A /* WBDarkstore.app */,
				B71075C2304A6F6B00EDEC9A /* WBDarkstoreTests.xctest */,
				B71075CC304A6F6B00EDEC9A /* WBDarkstoreUITests.xctest */,
			);
			name = Products;
			sourceTree = "<group>";
		};
/* End PBXGroup section */

/* Begin PBXNativeTarget section */
		B71075B4304A6F6900EDEC9A /* WBDarkstore */ = {
			isa = PBXNativeTarget;
			buildConfigurationList = B71075D4304A6F6B00EDEC9A /* Build configuration list for PBXNativeTarget "WBDarkstore" */;
			buildPhases = (
				B71075B1304A6F6900EDEC9A /* Sources */,
				B71075B2304A6F6900EDEC9A /* Frameworks */,
				B71075B3304A6F6900EDEC9A /* Resources */,
			);
			buildRules = (
			);
			fileSystemSynchronizedGroups = (
				B71075B7304A6F6900EDEC9A /* WBDarkstore */,
			);
			name = WBDarkstore;
			productName = WBDarkstore;
			productReference = B71075B5304A6F6900EDEC9A /* WBDarkstore.app */;
			productType = "com.apple.product-type.application";
		};
		B71075C1304A6F6B00EDEC9A /* WBDarkstoreTests */ = {
			isa = PBXNativeTarget;
			buildConfigurationList = B71075D7304A6F6B00EDEC9A /* Build configuration list for PBXNativeTarget "WBDarkstoreTests" */;
			buildPhases = (
				B71075BE304A6F6B00EDEC9A /* Sources */,
				B71075BF304A6F6B00EDEC9A /* Frameworks */,
				B71075C0304A6F6B00EDEC9A /* Resources */,
			);
			buildRules = (
			);
			dependencies = (
				B71075C4304A6F6B00EDEC9A /* PBXTargetDependency */,
			);
			fileSystemSynchronizedGroups = (
				B71075C5304A6F6B00EDEC9A /* WBDarkstoreTests */,
			);
			name = WBDarkstoreTests;
			productName = WBDarkstoreTests;
			productReference = B71075C2304A6F6B00EDEC9A /* WBDarkstoreTests.xctest */;
			productType = "com.apple.product-type.bundle.unit-test";
		};
		B71075CB304A6F6B00EDEC9A /* WBDarkstoreUITests */ = {
			isa = PBXNativeTarget;
			buildConfigurationList = B71075DA304A6F6B00EDEC9A /* Build configuration list for PBXNativeTarget "WBDarkstoreUITests" */;
			buildPhases = (
				B71075C8304A6F6B00EDEC9A /* Sources */,
				B71075C9304A6F6B00EDEC9A /* Frameworks */,
				B71075CA304A6F6B00EDEC9A /* Resources */,
			);
			buildRules = (
			);
			dependencies = (
				B71075CE304A6F6B00EDEC9A /* PBXTargetDependency */,
			);
			fileSystemSynchronizedGroups = (
				B71075CF304A6F6B00EDEC9A /* WBDarkstoreUITests */,
			);
			name = WBDarkstoreUITests;
			productName = WBDarkstoreUITests;
			productReference = B71075CC304A6F6B00EDEC9A /* WBDarkstoreUITests.xctest */;
			productType = "com.apple.product-type.bundle.ui-testing";
		};
/* End PBXNativeTarget section */

/* Begin PBXProject section */
		B71075AD304A6F6900EDEC9A /* Project object */ = {
			isa = PBXProject;
			attributes = {
				BuildIndependentTargetsInParallel = 1;
				LastSwiftUpdateCheck = 2700;
				LastUpgradeCheck = 2700;
				TargetAttributes = {
					B71075B4304A6F6900EDEC9A = {
						CreatedOnToolsVersion = 27.0;
					};
					B71075C1304A6F6B00EDEC9A = {
						CreatedOnToolsVersion = 27.0;
						TestTargetID = B71075B4304A6F6900EDEC9A;
					};
					B71075CB304A6F6B00EDEC9A = {
						CreatedOnToolsVersion = 27.0;
						TestTargetID = B71075B4304A6F6900EDEC9A;
					};
				};
			};
			buildConfigurationList = B71075B0304A6F6900EDEC9A /* Build configuration list for PBXProject "WBDarkstore" */;
			developmentRegion = en;
			hasScannedForEncodings = 0;
			knownRegions = (
				en,
				Base,
			);
			mainGroup = B71075AC304A6F6900EDEC9A;
			minimizedProjectReferenceProxies = 1;
			preferredProjectObjectVersion = 77;
			productRefGroup = B71075B6304A6F6900EDEC9A /* Products */;
			projectDirPath = "";
			projectRoot = "";
			targets = (
				B71075B4304A6F6900EDEC9A /* WBDarkstore */,
				B71075C1304A6F6B00EDEC9A /* WBDarkstoreTests */,
				B71075CB304A6F6B00EDEC9A /* WBDarkstoreUITests */,
			);
		};
/* End PBXProject section */

/* Begin PBXResourcesBuildPhase section */
		B71075B3304A6F6900EDEC9A /* Resources */ = {
			isa = PBXResourcesBuildPhase;
			files = (
				B71075E8304A70C100EDEC9A /* .gitignore in Resources */,
			);
		};
		B71075C0304A6F6B00EDEC9A /* Resources */ = {
			isa = PBXResourcesBuildPhase;
			files = (
			);
		};
		B71075CA304A6F6B00EDEC9A /* Resources */ = {
			isa = PBXResourcesBuildPhase;
			files = (
			);
		};
/* End PBXResourcesBuildPhase section */

/* Begin PBXSourcesBuildPhase section */
		B71075B1304A6F6900EDEC9A /* Sources */ = {
			isa = PBXSourcesBuildPhase;
			files = (
			);
		};
		B71075BE304A6F6B00EDEC9A /* Sources */ = {
			isa = PBXSourcesBuildPhase;
			files = (
			);
		};
		B71075C8304A6F6B00EDEC9A /* Sources */ = {
			isa = PBXSourcesBuildPhase;
			files = (
			);
		};
/* End PBXSourcesBuildPhase section */

/* Begin PBXTargetDependency section */
		B71075C4304A6F6B00EDEC9A /* PBXTargetDependency */ = {
			isa = PBXTargetDependency;
			target = B71075B4304A6F6900EDEC9A /* WBDarkstore */;
			targetProxy = B71075C3304A6F6B00EDEC9A /* PBXContainerItemProxy */;
		};
		B71075CE304A6F6B00EDEC9A /* PBXTargetDependency */ = {
			isa = PBXTargetDependency;
			target = B71075B4304A6F6900EDEC9A /* WBDarkstore */;
			targetProxy = B71075CD304A6F6B00EDEC9A /* PBXContainerItemProxy */;
		};
/* End PBXTargetDependency section */

/* Begin XCBuildConfiguration section */
		B71075D2304A6F6B00EDEC9A /* Debug configuration for PBXProject "WBDarkstore" */ = {
			isa = XCBuildConfiguration;
			buildSettings = {
				ALWAYS_SEARCH_USER_PATHS = NO;
				ASSETCATALOG_COMPILER_GENERATE_SWIFT_ASSET_SYMBOL_EXTENSIONS = YES;
				CLANG_ANALYZER_NONNULL = YES;
				CLANG_ANALYZER_NUMBER_OBJECT_CONVERSION = YES_AGGRESSIVE;
				CLANG_CXX_LANGUAGE_STANDARD = "gnu++20";
				CLANG_ENABLE_MODULES = YES;
				CLANG_ENABLE_OBJC_ARC = YES;
				CLANG_ENABLE_OBJC_WEAK = YES;
				CLANG_WARN_BLOCK_CAPTURE_AUTORELEASING = YES;
				CLANG_WARN_BOOL_CONVERSION = YES;
				CLANG_WARN_COMMA = YES;
				CLANG_WARN_CONSTANT_CONVERSION = YES;
				CLANG_WARN_DEPRECATED_OBJC_IMPLEMENTATIONS = YES;
				CLANG_WARN_DIRECT_OBJC_ISA_USAGE = YES_ERROR;
				CLANG_WARN_DOCUMENTATION_COMMENTS = YES;
				CLANG_WARN_EMPTY_BODY = YES;
				CLANG_WARN_ENUM_CONVERSION = YES;
				CLANG_WARN_INFINITE_RECURSION = YES;
				CLANG_WARN_INT_CONVERSION = YES;
				CLANG_WARN_NON_LITERAL_NULL_CONVERSION = YES;
				CLANG_WARN_OBJC_IMPLICIT_RETAIN_SELF = YES;
				CLANG_WARN_OBJC_LITERAL_CONVERSION = YES;
				CLANG_WARN_OBJC_ROOT_CLASS = YES_ERROR;
				CLANG_WARN_QUOTED_INCLUDE_IN_FRAMEWORK_HEADER = YES;
				CLANG_WARN_RANGE_LOOP_ANALYSIS = YES;
				CLANG_WARN_STRICT_PROTOTYPES = YES;
				CLANG_WARN_SUSPICIOUS_MOVE = YES;
				CLANG_WARN_UNGUARDED_AVAILABILITY = YES_AGGRESSIVE;
				CLANG_WARN_UNREACHABLE_CODE = YES;
				CLANG_WARN__DUPLICATE_METHOD_MATCH = YES;
				COPY_PHASE_STRIP = NO;
				DEBUG_INFORMATION_FORMAT = dwarf;
				DEVELOPMENT_TEAM = HYBW48Y72N;
				ENABLE_STRICT_OBJC_MSGSEND = YES;
				ENABLE_TESTABILITY = YES;
				ENABLE_USER_SCRIPT_SANDBOXING = YES;
				GCC_C_LANGUAGE_STANDARD = gnu17;
				GCC_DYNAMIC_NO_PIC = NO;
				GCC_NO_COMMON_BLOCKS = YES;
				GCC_OPTIMIZATION_LEVEL = 0;
				GCC_PREPROCESSOR_DEFINITIONS = (
					"DEBUG=1",
					"$(inherited)",
				);
				GCC_WARN_64_TO_32_BIT_CONVERSION = YES;
				GCC_WARN_ABOUT_RETURN_TYPE = YES_ERROR;
				GCC_WARN_UNDECLARED_SELECTOR = YES;
				GCC_WARN_UNINITIALIZED_AUTOS = YES_AGGRESSIVE;
				GCC_WARN_UNUSED_FUNCTION = YES;
				GCC_WARN_UNUSED_VARIABLE = YES;
				IPHONEOS_DEPLOYMENT_TARGET = 27.0;
				LOCALIZATION_PREFERS_STRING_CATALOGS = YES;
				MTL_ENABLE_DEBUG_INFO = INCLUDE_SOURCE;
				MTL_FAST_MATH = YES;
				ONLY_ACTIVE_ARCH = YES;
				SDKROOT = iphoneos;
				SWIFT_ACTIVE_COMPILATION_CONDITIONS = "DEBUG $(inherited)";
				SWIFT_OPTIMIZATION_LEVEL = "-Onone";
			};
			name = Debug;
		};
		B71075D3304A6F6B00EDEC9A /* Release configuration for PBXProject "WBDarkstore" */ = {
			isa = XCBuildConfiguration;
			buildSettings = {
				ALWAYS_SEARCH_USER_PATHS = NO;
				ASSETCATALOG_COMPILER_GENERATE_SWIFT_ASSET_SYMBOL_EXTENSIONS = YES;
				CLANG_ANALYZER_NONNULL = YES;
				CLANG_ANALYZER_NUMBER_OBJECT_CONVERSION = YES_AGGRESSIVE;
				CLANG_CXX_LANGUAGE_STANDARD = "gnu++20";
				CLANG_ENABLE_MODULES = YES;
				CLANG_ENABLE_OBJC_ARC = YES;
				CLANG_ENABLE_OBJC_WEAK = YES;
				CLANG_WARN_BLOCK_CAPTURE_AUTORELEASING = YES;
				CLANG_WARN_BOOL_CONVERSION = YES;
				CLANG_WARN_COMMA = YES;
				CLANG_WARN_CONSTANT_CONVERSION = YES;
				CLANG_WARN_DEPRECATED_OBJC_IMPLEMENTATIONS = YES;
				CLANG_WARN_DIRECT_OBJC_ISA_USAGE = YES_ERROR;
				CLANG_WARN_DOCUMENTATION_COMMENTS = YES;
				CLANG_WARN_EMPTY_BODY = YES;
				CLANG_WARN_ENUM_CONVERSION = YES;
				CLANG_WARN_INFINITE_RECURSION = YES;
				CLANG_WARN_INT_CONVERSION = YES;
				CLANG_WARN_NON_LITERAL_NULL_CONVERSION = YES;
				CLANG_WARN_OBJC_IMPLICIT_RETAIN_SELF = YES;
				CLANG_WARN_OBJC_LITERAL_CONVERSION = YES;
				CLANG_WARN_OBJC_ROOT_CLASS = YES_ERROR;
				CLANG_WARN_QUOTED_INCLUDE_IN_FRAMEWORK_HEADER = YES;
				CLANG_WARN_RANGE_LOOP_ANALYSIS = YES;
				CLANG_WARN_STRICT_PROTOTYPES = YES;
				CLANG_WARN_SUSPICIOUS_MOVE = YES;
				CLANG_WARN_UNGUARDED_AVAILABILITY = YES_AGGRESSIVE;
				CLANG_WARN_UNREACHABLE_CODE = YES;
				CLANG_WARN__DUPLICATE_METHOD_MATCH = YES;
				COPY_PHASE_STRIP = NO;
				DEBUG_INFORMATION_FORMAT = "dwarf-with-dsym";
				DEVELOPMENT_TEAM = HYBW48Y72N;
				ENABLE_NS_ASSERTIONS = NO;
				ENABLE_STRICT_OBJC_MSGSEND = YES;
				ENABLE_USER_SCRIPT_SANDBOXING = YES;
				GCC_C_LANGUAGE_STANDARD = gnu17;
				GCC_NO_COMMON_BLOCKS = YES;
				GCC_WARN_64_TO_32_BIT_CONVERSION = YES;
				GCC_WARN_ABOUT_RETURN_TYPE = YES_ERROR;
				GCC_WARN_UNDECLARED_SELECTOR = YES;
				GCC_WARN_UNINITIALIZED_AUTOS = YES_AGGRESSIVE;
				GCC_WARN_UNUSED_FUNCTION = YES;
				GCC_WARN_UNUSED_VARIABLE = YES;
				IPHONEOS_DEPLOYMENT_TARGET = 27.0;
				LOCALIZATION_PREFERS_STRING_CATALOGS = YES;
				MTL_ENABLE_DEBUG_INFO = NO;
				MTL_FAST_MATH = YES;
				SDKROOT = iphoneos;
				SWIFT_COMPILATION_MODE = wholemodule;
				VALIDATE_PRODUCT = YES;
			};
			name = Release;
		};
		B71075D5304A6F6B00EDEC9A /* Debug configuration for PBXNativeTarget "WBDarkstore" */ = {
			isa = XCBuildConfiguration;
			buildSettings = {
				ASSETCATALOG_COMPILER_APPICON_NAME = AppIcon;
				ASSETCATALOG_COMPILER_GLOBAL_ACCENT_COLOR_NAME = AccentColor;
				CODE_SIGN_STYLE = Automatic;
				CURRENT_PROJECT_VERSION = 1;
				DEVELOPMENT_TEAM = HYBW48Y72N;
				ENABLE_PREVIEWS = YES;
				GENERATE_INFOPLIST_FILE = YES;
				INFOPLIST_KEY_CFBundleDisplayName = "WB Darkstore";
				INFOPLIST_KEY_LSApplicationCategoryType = "public.app-category.food-and-drink";
				INFOPLIST_KEY_UIApplicationSceneManifest_Generation = YES;
				INFOPLIST_KEY_UIApplicationSupportsIndirectInputEvents = YES;
				INFOPLIST_KEY_UILaunchScreen_Generation = YES;
				INFOPLIST_KEY_UILaunchStoryboardName = LaunchScreen.storyboard;
				INFOPLIST_KEY_UISupportedInterfaceOrientations = UIInterfaceOrientationPortrait;
				INFOPLIST_KEY_UISupportedInterfaceOrientations_iPad = "UIInterfaceOrientationLandscapeLeft UIInterfaceOrientationLandscapeRight UIInterfaceOrientationPortrait UIInterfaceOrientationPortraitUpsideDown";
				IPHONEOS_DEPLOYMENT_TARGET = 18.0;
				LD_RUNPATH_SEARCH_PATHS = (
					"$(inherited)",
					"@executable_path/Frameworks",
				);
				MARKETING_VERSION = 1.0;
				PRODUCT_BUNDLE_IDENTIFIER = com.sye7qjm3ac.WBDarkstore;
				PRODUCT_NAME = "$(TARGET_NAME)";
				STRING_CATALOG_GENERATE_SYMBOLS = YES;
				SWIFT_APPROACHABLE_CONCURRENCY = YES;
				SWIFT_DEFAULT_ACTOR_ISOLATION = MainActor;
				SWIFT_EMIT_LOC_STRINGS = YES;
				SWIFT_UPCOMING_FEATURE_MEMBER_IMPORT_VISIBILITY = YES;
				SWIFT_VERSION = 5.0;
				TARGETED_DEVICE_FAMILY = "1,2";
			};
			name = Debug;
		};
		B71075D6304A6F6B00EDEC9A /* Release configuration for PBXNativeTarget "WBDarkstore" */ = {
			isa = XCBuildConfiguration;
			buildSettings = {
				ASSETCATALOG_COMPILER_APPICON_NAME = AppIcon;
				ASSETCATALOG_COMPILER_GLOBAL_ACCENT_COLOR_NAME = AccentColor;
				CODE_SIGN_STYLE = Automatic;
				CURRENT_PROJECT_VERSION = 1;
				DEVELOPMENT_TEAM = HYBW48Y72N;
				ENABLE_PREVIEWS = YES;
				GENERATE_INFOPLIST_FILE = YES;
				INFOPLIST_KEY_CFBundleDisplayName = "WB Darkstore";
				INFOPLIST_KEY_LSApplicationCategoryType = "public.app-category.food-and-drink";
				INFOPLIST_KEY_UIApplicationSceneManifest_Generation = YES;
				INFOPLIST_KEY_UIApplicationSupportsIndirectInputEvents = YES;
				INFOPLIST_KEY_UILaunchScreen_Generation = YES;
				INFOPLIST_KEY_UILaunchStoryboardName = LaunchScreen.storyboard;
				INFOPLIST_KEY_UISupportedInterfaceOrientations = UIInterfaceOrientationPortrait;
				INFOPLIST_KEY_UISupportedInterfaceOrientations_iPad = "UIInterfaceOrientationLandscapeLeft UIInterfaceOrientationLandscapeRight UIInterfaceOrientationPortrait UIInterfaceOrientationPortraitUpsideDown";
				IPHONEOS_DEPLOYMENT_TARGET = 18.0;
				LD_RUNPATH_SEARCH_PATHS = (
					"$(inherited)",
					"@executable_path/Frameworks",
				);
				MARKETING_VERSION = 1.0;
				PRODUCT_BUNDLE_IDENTIFIER = com.sye7qjm3ac.WBDarkstore;
				PRODUCT_NAME = "$(TARGET_NAME)";
				STRING_CATALOG_GENERATE_SYMBOLS = YES;
				SWIFT_APPROACHABLE_CONCURRENCY = YES;
				SWIFT_DEFAULT_ACTOR_ISOLATION = MainActor;
				SWIFT_EMIT_LOC_STRINGS = YES;
				SWIFT_UPCOMING_FEATURE_MEMBER_IMPORT_VISIBILITY = YES;
				SWIFT_VERSION = 5.0;
				TARGETED_DEVICE_FAMILY = "1,2";
			};
			name = Release;
		};
		B71075D8304A6F6B00EDEC9A /* Debug configuration for PBXNativeTarget "WBDarkstoreTests" */ = {
			isa = XCBuildConfiguration;
			buildSettings = {
				BUNDLE_LOADER = "$(TEST_HOST)";
				CODE_SIGN_STYLE = Automatic;
				CURRENT_PROJECT_VERSION = 1;
				DEVELOPMENT_TEAM = HYBW48Y72N;
				GENERATE_INFOPLIST_FILE = YES;
				IPHONEOS_DEPLOYMENT_TARGET = 27.0;
				MARKETING_VERSION = 1.0;
				PRODUCT_BUNDLE_IDENTIFIER = com.sye7qjm3ac.WBDarkstoreTests;
				PRODUCT_NAME = "$(TARGET_NAME)";
				STRING_CATALOG_GENERATE_SYMBOLS = NO;
				SWIFT_APPROACHABLE_CONCURRENCY = YES;
				SWIFT_EMIT_LOC_STRINGS = NO;
				SWIFT_UPCOMING_FEATURE_MEMBER_IMPORT_VISIBILITY = YES;
				SWIFT_VERSION = 5.0;
				TARGETED_DEVICE_FAMILY = "1,2";
				TEST_HOST = "$(BUILT_PRODUCTS_DIR)/WBDarkstore.app/$(BUNDLE_EXECUTABLE_FOLDER_PATH)/WBDarkstore";
			};
			name = Debug;
		};
		B71075D9304A6F6B00EDEC9A /* Release configuration for PBXNativeTarget "WBDarkstoreTests" */ = {
			isa = XCBuildConfiguration;
			buildSettings = {
				BUNDLE_LOADER = "$(TEST_HOST)";
				CODE_SIGN_STYLE = Automatic;
				CURRENT_PROJECT_VERSION = 1;
				DEVELOPMENT_TEAM = HYBW48Y72N;
				GENERATE_INFOPLIST_FILE = YES;
				IPHONEOS_DEPLOYMENT_TARGET = 27.0;
				MARKETING_VERSION = 1.0;
				PRODUCT_BUNDLE_IDENTIFIER = com.sye7qjm3ac.WBDarkstoreTests;
				PRODUCT_NAME = "$(TARGET_NAME)";
				STRING_CATALOG_GENERATE_SYMBOLS = NO;
				SWIFT_APPROACHABLE_CONCURRENCY = YES;
				SWIFT_EMIT_LOC_STRINGS = NO;
				SWIFT_UPCOMING_FEATURE_MEMBER_IMPORT_VISIBILITY = YES;
				SWIFT_VERSION = 5.0;
				TARGETED_DEVICE_FAMILY = "1,2";
				TEST_HOST = "$(BUILT_PRODUCTS_DIR)/WBDarkstore.app/$(BUNDLE_EXECUTABLE_FOLDER_PATH)/WBDarkstore";
			};
			name = Release;
		};
		B71075DB304A6F6B00EDEC9A /* Debug configuration for PBXNativeTarget "WBDarkstoreUITests" */ = {
			isa = XCBuildConfiguration;
			buildSettings = {
				CODE_SIGN_STYLE = Automatic;
				CURRENT_PROJECT_VERSION = 1;
				DEVELOPMENT_TEAM = HYBW48Y72N;
				GENERATE_INFOPLIST_FILE = YES;
				MARKETING_VERSION = 1.0;
				PRODUCT_BUNDLE_IDENTIFIER = com.sye7qjm3ac.WBDarkstoreUITests;
				PRODUCT_NAME = "$(TARGET_NAME)";
				STRING_CATALOG_GENERATE_SYMBOLS = NO;
				SWIFT_APPROACHABLE_CONCURRENCY = YES;
				SWIFT_EMIT_LOC_STRINGS = NO;
				SWIFT_UPCOMING_FEATURE_MEMBER_IMPORT_VISIBILITY = YES;
				SWIFT_VERSION = 5.0;
				TARGETED_DEVICE_FAMILY = "1,2";
				TEST_TARGET_NAME = WBDarkstore;
			};
			name = Debug;
		};
		B71075DC304A6F6B00EDEC9A /* Release configuration for PBXNativeTarget "WBDarkstoreUITests" */ = {
			isa = XCBuildConfiguration;
			buildSettings = {
				CODE_SIGN_STYLE = Automatic;
				CURRENT_PROJECT_VERSION = 1;
				DEVELOPMENT_TEAM = HYBW48Y72N;
				GENERATE_INFOPLIST_FILE = YES;
				MARKETING_VERSION = 1.0;
				PRODUCT_BUNDLE_IDENTIFIER = com.sye7qjm3ac.WBDarkstoreUITests;
				PRODUCT_NAME = "$(TARGET_NAME)";
				STRING_CATALOG_GENERATE_SYMBOLS = NO;
				SWIFT_APPROACHABLE_CONCURRENCY = YES;
				SWIFT_EMIT_LOC_STRINGS = NO;
				SWIFT_UPCOMING_FEATURE_MEMBER_IMPORT_VISIBILITY = YES;
				SWIFT_VERSION = 5.0;
				TARGETED_DEVICE_FAMILY = "1,2";
				TEST_TARGET_NAME = WBDarkstore;
			};
			name = Release;
		};
/* End XCBuildConfiguration section */

/* Begin XCConfigurationList section */
		B71075B0304A6F6900EDEC9A /* Build configuration list for PBXProject "WBDarkstore" */ = {
			isa = XCConfigurationList;
			buildConfigurations = (
				B71075D2304A6F6B00EDEC9A /* Debug configuration for PBXProject "WBDarkstore" */,
				B71075D3304A6F6B00EDEC9A /* Release configuration for PBXProject "WBDarkstore" */,
			);
			defaultConfigurationName = Release;
		};
		B71075D4304A6F6B00EDEC9A /* Build configuration list for PBXNativeTarget "WBDarkstore" */ = {
			isa = XCConfigurationList;
			buildConfigurations = (
				B71075D5304A6F6B00EDEC9A /* Debug configuration for PBXNativeTarget "WBDarkstore" */,
				B71075D6304A6F6B00EDEC9A /* Release configuration for PBXNativeTarget "WBDarkstore" */,
			);
			defaultConfigurationName = Release;
		};
		B71075D7304A6F6B00EDEC9A /* Build configuration list for PBXNativeTarget "WBDarkstoreTests" */ = {
			isa = XCConfigurationList;
			buildConfigurations = (
				B71075D8304A6F6B00EDEC9A /* Debug configuration for PBXNativeTarget "WBDarkstoreTests" */,
				B71075D9304A6F6B00EDEC9A /* Release configuration for PBXNativeTarget "WBDarkstoreTests" */,
			);
			defaultConfigurationName = Release;
		};
		B71075DA304A6F6B00EDEC9A /* Build configuration list for PBXNativeTarget "WBDarkstoreUITests" */ = {
			isa = XCConfigurationList;
			buildConfigurations = (
				B71075DB304A6F6B00EDEC9A /* Debug configuration for PBXNativeTarget "WBDarkstoreUITests" */,
				B71075DC304A6F6B00EDEC9A /* Release configuration for PBXNativeTarget "WBDarkstoreUITests" */,
			);
			defaultConfigurationName = Release;
		};
/* End XCConfigurationList section */
	};
	rootObject = B71075AD304A6F6900EDEC9A /* Project object */;
	validationLevel = 1;
}
